// !$*UTF8*$!
{
	archiveVersion = 1;
	classes = {
	};
	objectVersion = 50;
	objects = {

/* Begin PBXBuildFile section */
		60169C41238BCA21004CFC35 /* drawingView.swift in Sources */ = {isa = PBXBuildFile; fileRef = 60169C40238BCA21004CFC35 /* drawingView.swift */; };
		60169C46238C1B1D004CFC35 /* Vertices.txt in Resources */ = {isa = PBXBuildFile; fileRef = 60169C44238C1B1C004CFC35 /* Vertices.txt */; };
		60169C47238C1B1D004CFC35 /* Edges.txt in Resources */ = {isa = PBXBuildFile; fileRef = 60169C45238C1B1D004CFC35 /* Edges.txt */; };
		6023254223953BE90070FD7F /* AffineTransforms.swift in Sources */ = {isa = PBXBuildFile; fileRef = 6023254123953BE90070FD7F /* AffineTransforms.swift */; };
		605B08772391230A0035CCF8 /* MyCustomFigure.swift in Sources */ = {isa = PBXBuildFile; fileRef = 605B08762391230A0035CCF8 /* MyCustomFigure.swift */; };
		6094CC712382F1B8000E1DE5 /* Matrix2D.swift in Sources */ = {isa = PBXBuildFile; fileRef = 6094CC702382F1B8000E1DE5 /* Matrix2D.swift */; };
		60B6EAC72381970A00AC8E84 /* AppDelegate.swift in Sources */ = {isa = PBXBuildFile; fileRef = 60B6EAC62381970A00AC8E84 /* AppDelegate.swift */; };
		60B6EAC92381970A00AC8E84 /* SceneDelegate.swift in Sources */ = {isa = PBXBuildFile; fileRef = 60B6EAC82381970A00AC8E84 /* SceneDelegate.swift */; };
		60B6EACB2381970A00AC8E84 /* ViewController.swift in Sources */ = {isa = PBXBuildFile; fileRef = 60B6EACA2381970A00AC8E84 /* ViewController.swift */; };
		60B6EACE2381970A00AC8E84 /* Main.storyboard in Resources */ = {isa = PBXBuildFile; fileRef = 60B6EACC2381970A00AC8E84 /* Main.storyboard */; };
		60B6EAD02381970D00AC8E84 /* Assets.xcassets in Resources */ = {isa = PBXBuildFile; fileRef = 60B6EACF2381970D00AC8E84 /* Assets.xcassets */; };
		60B6EAD32381970D00AC8E84 /* LaunchScreen.storyboard in Resources */ = {isa = PBXBuildFile; fileRef = 60B6EAD12381970D00AC8E84 /* LaunchScreen.storyboard */; };
		60B6EADB238197FC00AC8E84 /* Matrix.swift in Sources */ = {isa = PBXBuildFile; fileRef = 60B6EADA238197FC00AC8E84 /* Matrix.swift */; };
/* End PBXBuildFile section */

/* Begin PBXFileReference section */
		60169C40238BCA21004CFC35 /* drawingView.swift */ = {isa = PBXFileReference; lastKnownFileType = sourcecode.swift; path = drawingView.swift; sourceTree = "<group>"; };
		60169C44238C1B1C004CFC35 /* Vertices.txt */ = {isa = PBXFileReference; fileEncoding = 4; lastKnownFileType = text; path = Vertices.txt; sourceTree = "<group>"; };
		60169C45238C1B1D004CFC35 /* Edges.txt */ = {isa = PBXFileReference; fileEncoding = 4; lastKnownFileType = text; path = Edges.txt; sourceTree = "<group>"; };
		6023254123953BE90070FD7F /* AffineTransforms.swift */ = {isa = PBXFileReference; lastKnownFileType = sourcecode.swift; path = AffineTransforms.swift; sourceTree = "<group>"; };
		605B08762391230A0035CCF8 /* MyCustomFigure.swift */ = {isa = PBXFileReference; lastKnownFileType = sourcecode.swift; path = MyCustomFigure.swift; sourceTree = "<group>"; };
		6094CC702382F1B8000E1DE5 /* Matrix2D.swift */ = {isa = PBXFileReference; lastKnownFileType = sourcecode.swift; path = Matrix2D.swift; sourceTree = "<group>"; };
		60B6EAC32381970A00AC8E84 /* MatrixKG.app */ = {isa = PBXFileReference; explicitFileType = wrapper.application; includeInIndex = 0; path = MatrixKG.app; sourceTree = BUILT_PRODUCTS_DIR; };
		60B6EAC62381970A00AC8E84 /* AppDelegate.swift */ = {isa = PBXFileReference; lastKnownFileType = sourcecode.swift; path = AppDelegate.swift; sourceTree = "<group>"; };
		60B6EAC82381970A00AC8E84 /* SceneDelegate.swift */ = {isa = PBXFileReference; lastKnownFileType = sourcecode.swift; path = SceneDelegate.swift; sourceTree = "<group>"; };
		60B6EACA2381970A00AC8E84 /* ViewController.swift */ = {isa = PBXFileReference; lastKnownFileType = sourcecode.swift; path = ViewController.swift; sourceTree = "<group>"; };
		60B6EACD2381970A00AC8E84 /* Base */ = {isa = PBXFileReference; lastKnownFileType = file.storyboard; name = Base; path = Base.lproj/Main.storyboard; sourceTree = "<group>"; };
		60B6EACF2381970D00AC8E84 /* Assets.xcassets */ = {isa = PBXFileReference; lastKnownFileType = folder.assetcatalog; path = Assets.xcassets; sourceTree = "<group>"; };
		60B6EAD22381970D00AC8E84 /* Base */ = {isa = PBXFileReference; lastKnownFileType = file.storyboard; name = Base; path = Base.lproj/LaunchScreen.storyboard; sourceTree = "<group>"; };
		60B6EAD42381970D00AC8E84 /* Info.plist */ = {isa = PBXFileReference; lastKnownFileType = text.plist.xml; path = Info.plist; sourceTree = "<group>"; };
		60B6EADA238197FC00AC8E84 /* Matrix.swift */ = {isa = PBXFileReference; lastKnownFileType = sourcecode.swift; path = Matrix.swift; sourceTree = "<group>"; };
/* End PBXFileReference section */

/* Begin PBXFrameworksBuildPhase section */
		60B6EAC02381970A00AC8E84 /* Frameworks */ = {
			isa = PBXFrameworksBuildPhase;
			buildActionMask = 2147483647;
			files = (
			);
			runOnlyForDeploymentPostprocessing = 0;
		};
/* End PBXFrameworksBuildPhase section */

/* Begin PBXGroup section */
		6023254323953C160070FD7F /* Views */ = {
			isa = PBXGroup;
			children = (
				60B6EACA2381970A00AC8E84 /* ViewController.swift */,
				60169C40238BCA21004CFC35 /* drawingView.swift */,
				605B08762391230A0035CCF8 /* MyCustomFigure.swift */,
			);
			path = Views;
			sourceTree = "<group>";
		};
		6023254423953C250070FD7F /* Models */ = {
			isa = PBXGroup;
			children = (
				60B6EADA238197FC00AC8E84 /* Matrix.swift */,
				6094CC702382F1B8000E1DE5 /* Matrix2D.swift */,
			);
			path = Models;
			sourceTree = "<group>";
		};
		60B6EABA2381970A00AC8E84 = {
			isa = PBXGroup;
			children = (
				60B6EAC52381970A00AC8E84 /* MatrixKG */,
				60B6EAC42381970A00AC8E84 /* Products */,
			);
			sourceTree = "<group>";
		};
		60B6EAC42381970A00AC8E84 /* Products */ = {
			isa = PBXGroup;
			children = (
				60B6EAC32381970A00AC8E84 /* MatrixKG.app */,
			);
			name = Products;
			sourceTree = "<group>";
		};
		60B6EAC52381970A00AC8E84 /* MatrixKG */ = {
			isa = PBXGroup;
			children = (
				6023254423953C250070FD7F /* Models */,
				6023254323953C160070FD7F /* Views */,
				60B6EAC62381970A00AC8E84 /* AppDelegate.swift */,
				60B6EAC82381970A00AC8E84 /* SceneDelegate.swift */,
				60B6EACC2381970A00AC8E84 /* Main.storyboard */,
				60B6EACF2381970D00AC8E84 /* Assets.xcassets */,
				60B6EAD12381970D00AC8E84 /* LaunchScreen.storyboard */,
				60B6EAD42381970D00AC8E84 /* Info.plist */,
				60169C45238C1B1D004CFC35 /* Edges.txt */,
				60169C44238C1B1C004CFC35 /* Vertices.txt */,
				6023254123953BE90070FD7F /* AffineTransforms.swift */,
			);
			path = MatrixKG;
			sourceTree = "<group>";
		};
/* End PBXGroup section */

/* Begin PBXNativeTarget section */
		60B6EAC22381970A00AC8E84 /* MatrixKG */ = {
			isa = PBXNativeTarget;
			buildConfigurationList = 60B6EAD72381970D00AC8E84 /* Build configuration list for PBXNativeTarget "MatrixKG" */;
			buildPhases = (
				60B6EABF2381970A00AC8E84 /* Sources */,
				60B6EAC02381970A00AC8E84 /* Frameworks */,
				60B6EAC12381970A00AC8E84 /* Resources */,
			);
			buildRules = (
			);
			dependencies = (
			);
			name = MatrixKG;
			productName = MatrixKG;
			productReference = 60B6EAC32381970A00AC8E84 /* MatrixKG.app */;
			productType = "com.apple.product-type.application";
		};
/* End PBXNativeTarget section */

/* Begin PBXProject section */
		60B6EABB2381970A00AC8E84 /* Project object */ = {
			isa = PBXProject;
			attributes = {
				LastSwiftUpdateCheck = 1120;
				LastUpgradeCheck = 1120;
				ORGANIZATIONNAME = "Захар  Сегал";
				TargetAttributes = {
					60B6EAC22381970A00AC8E84 = {
						CreatedOnToolsVersion = 11.2.1;
					};
				};
			};
			buildConfigurationList = 60B6EABE2381970A00AC8E84 /* Build configuration list for PBXProject "MatrixKG" */;
			compatibilityVersion = "Xcode 9.3";
			developmentRegion = en;
			hasScannedForEncodings = 0;
			knownRegions = (
				en,
				Base,
			);
			mainGroup = 60B6EABA2381970A00AC8E84;
			productRefGroup = 60B6EAC42381970A00AC8E84 /* Products */;
			projectDirPath = "";
			projectRoot = "";
			targets = (
				60B6EAC22381970A00AC8E84 /* MatrixKG */,
			);
		};
/* End PBXProject section */

/* Begin PBXResourcesBuildPhase section */
		60B6EAC12381970A00AC8E84 /* Resources */ = {
			isa = PBXResourcesBuildPhase;
			buildActionMask = 2147483647;
			files = (
				60B6EAD32381970D00AC8E84 /* LaunchScreen.storyboard in Resources */,
				60B6EAD02381970D00AC8E84 /* Assets.xcassets in Resources */,
				60B6EACE2381970A00AC8E84 /* Main.storyboard in Resources */,
				60169C47238C1B1D004CFC35 /* Edges.txt in Resources */,
				60169C46238C1B1D004CFC35 /* Vertices.txt in Resources */,
			);
			runOnlyForDeploymentPostprocessing = 0;
		};
/* End PBXResourcesBuildPhase section */

/* Begin PBXSourcesBuildPhase section */
		60B6EABF2381970A00AC8E84 /* Sources */ = {
			isa = PBXSourcesBuildPhase;
			buildActionMask = 2147483647;
			files = (
				6094CC712382F1B8000E1DE5 /* Matrix2D.swift in Sources */,
				6023254223953BE90070FD7F /* AffineTransforms.swift in Sources */,
				60169C41238BCA21004CFC35 /* drawingView.swift in Sources */,
				605B08772391230A0035CCF8 /* MyCustomFigure.swift in Sources */,
				60B6EADB238197FC00AC8E84 /* Matrix.swift in Sources */,
				60B6EACB2381970A00AC8E84 /* ViewController.swift in Sources */,
				60B6EAC72381970A00AC8E84 /* AppDelegate.swift in Sources */,
				60B6EAC92381970A00AC8E84 /* SceneDelegate.swift in Sources */,
			);
			runOnlyForDeploymentPostprocessing = 0;
		};
/* End PBXSourcesBuildPhase section */

/* Begin PBXVariantGroup section */
		60B6EACC2381970A00AC8E84 /* Main.storyboard */ = {
			isa = PBXVariantGroup;
			children = (
				60B6EACD2381970A00AC8E84 /* Base */,
			);
			name = Main.storyboard;
			sourceTree = "<group>";
		};
		60B6EAD12381970D00AC8E84 /* LaunchScreen.storyboard */ = {
			isa = PBXVariantGroup;
			children = (
				60B6EAD22381970D00AC8E84 /* Base */,
			);
			name = LaunchScreen.storyboard;
			sourceTree = "<group>";
		};
/* End PBXVariantGroup section */

/* Begin XCBuildConfiguration section */
		60B6EAD52381970D00AC8E84 /* Debug */ = {
			isa = XCBuildConfiguration;
			buildSettings = {
				ALWAYS_SEARCH_USER_PATHS = NO;
				CLANG_ANALYZER_NONNULL = YES;
				CLANG_ANALYZER_NUMBER_OBJECT_CONVERSION = YES_AGGRESSIVE;
				CLANG_CXX_LANGUAGE_STANDARD = "gnu++14";
				CLANG_CXX_LIBRARY = "libc++";
				CLANG_ENABLE_MODULES = YES;
				CLANG_ENABLE_OBJC_ARC = YES;
				CLANG_ENABLE_OBJC_WEAK = YES;
				CLANG_WARN_BLOCK_CAPTURE_AUTORELEASING = YES;
				CLANG_WARN_BOOL_CONVERSION = YES;
				CLANG_WARN_COMMA = YES;
				CLANG_WARN_CONSTANT_CONVERSION = YES;
				CLANG_WARN_DEPRECATED_OBJC_IMPLEMENTATIONS = YES;
				CLANG_WARN_DIRECT_OBJC_ISA_USAGE = YES_ERROR;
				CLANG_WARN_DOCUMENTATION_COMMENTS = YES;
				CLANG_WARN_EMPTY_BODY = YES;
				CLANG_WARN_ENUM_CONVERSION = YES;
				CLANG_WARN_INFINITE_RECURSION = YES;
				CLANG_WARN_INT_CONVERSION = YES;
				CLANG_WARN_NON_LITERAL_NULL_CONVERSION = YES;
				CLANG_WARN_OBJC_IMPLICIT_RETAIN_SELF = YES;
				CLANG_WARN_OBJC_LITERAL_CONVERSION = YES;
				CLANG_WARN_OBJC_ROOT_CLASS = YES_ERROR;
				CLANG_WARN_RANGE_LOOP_ANALYSIS = YES;
				CLANG_WARN_STRICT_PROTOTYPES = YES;
				CLANG_WARN_SUSPICIOUS_MOVE = YES;
				CLANG_WARN_UNGUARDED_AVAILABILITY = YES_AGGRESSIVE;
				CLANG_WARN_UNREACHABLE_CODE = YES;
				CLANG_WARN__DUPLICATE_METHOD_MATCH = YES;
				COPY_PHASE_STRIP = NO;
				DEBUG_INFORMATION_FORMAT = dwarf;
				ENABLE_STRICT_OBJC_MSGSEND = YES;
				ENABLE_TESTABILITY = YES;
				GCC_C_LANGUAGE_STANDARD = gnu11;
				GCC_DYNAMIC_NO_PIC = NO;
				GCC_NO_COMMON_BLOCKS = YES;
				GCC_OPTIMIZATION_LEVEL = 0;
				GCC_PREPROCESSOR_DEFINITIONS = (
					"DEBUG=1",
					"$(inherited)",
				);
				GCC_WARN_64_TO_32_BIT_CONVERSION = YES;
				GCC_WARN_ABOUT_RETURN_TYPE = YES_ERROR;
				GCC_WARN_UNDECLARED_SELECTOR = YES;
				GCC_WARN_UNINITIALIZED_AUTOS = YES_AGGRESSIVE;
				GCC_WARN_UNUSED_FUNCTION = YES;
				GCC_WARN_UNUSED_VARIABLE = YES;
				IPHONEOS_DEPLOYMENT_TARGET = 13.2;
				MTL_ENABLE_DEBUG_INFO = INCLUDE_SOURCE;
				MTL_FAST_MATH = YES;
				ONLY_ACTIVE_ARCH = YES;
				SDKROOT = iphoneos;
				SWIFT_ACTIVE_COMPILATION_CONDITIONS = DEBUG;
				SWIFT_OPTIMIZATION_LEVEL = "-Onone";
			};
			name = Debug;
		};
		60B6EAD62381970D00AC8E84 /* Release */ = {
			isa = XCBuildConfiguration;
			buildSettings = {
				ALWAYS_SEARCH_USER_PATHS = NO;
				CLANG_ANALYZER_NONNULL = YES;
				CLANG_ANALYZER_NUMBER_OBJECT_CONVERSION = YES_AGGRESSIVE;
				CLANG_CXX_LANGUAGE_STANDARD = "gnu++14";
				CLANG_CXX_LIBRARY = "libc++";
				CLANG_ENABLE_MODULES = YES;
				CLANG_ENABLE_OBJC_ARC = YES;
				CLANG_ENABLE_OBJC_WEAK = YES;
				CLANG_WARN_BLOCK_CAPTURE_AUTORELEASING = YES;
				CLANG_WARN_BOOL_CONVERSION = YES;
				CLANG_WARN_COMMA = YES;
				CLANG_WARN_CONSTANT_CONVERSION = YES;
				CLANG_WARN_DEPRECATED_OBJC_IMPLEMENTATIONS = YES;
				CLANG_WARN_DIRECT_OBJC_ISA_USAGE = YES_ERROR;
				CLANG_WARN_DOCUMENTATION_COMMENTS = YES;
				CLANG_WARN_EMPTY_BODY = YES;
				CLANG_WARN_ENUM_CONVERSION = YES;
				CLANG_WARN_INFINITE_RECURSION = YES;
				CLANG_WARN_INT_CONVERSION = YES;
				CLANG_WARN_NON_LITERAL_NULL_CONVERSION = YES;
				CLANG_WARN_OBJC_IMPLICIT_RETAIN_SELF = YES;
				CLANG_WARN_OBJC_LITERAL_CONVERSION = YES;
				CLANG_WARN_OBJC_ROOT_CLASS = YES_ERROR;
				CLANG_WARN_RANGE_LOOP_ANALYSIS = YES;
				CLANG_WARN_STRICT_PROTOTYPES = YES;
				CLANG_WARN_SUSPICIOUS_MOVE = YES;
				CLANG_WARN_UNGUARDED_AVAILABILITY = YES_AGGRESSIVE;
				CLANG_WARN_UNREACHABLE_CODE = YES;
				CLANG_WARN__DUPLICATE_METHOD_MATCH = YES;
				COPY_PHASE_STRIP = NO;
				DEBUG_INFORMATION_FORMAT = "dwarf-with-dsym";
				ENABLE_NS_ASSERTIONS = NO;
				ENABLE_STRICT_OBJC_MSGSEND = YES;
				GCC_C_LANGUAGE_STANDARD = gnu11;
				GCC_NO_COMMON_BLOCKS = YES;
				GCC_WARN_64_TO_32_BIT_CONVERSION = YES;
				GCC_WARN_ABOUT_RETURN_TYPE = YES_ERROR;
				GCC_WARN_UNDECLARED_SELECTOR = YES;
				GCC_WARN_UNINITIALIZED_AUTOS = YES_AGGRESSIVE;
				GCC_WARN_UNUSED_FUNCTION = YES;
				GCC_WARN_UNUSED_VARIABLE = YES;
				IPHONEOS_DEPLOYMENT_TARGET = 13.2;
				MTL_ENABLE_DEBUG_INFO = NO;
				MTL_FAST_MATH = YES;
				SDKROOT = iphoneos;
				SWIFT_COMPILATION_MODE = wholemodule;
				SWIFT_OPTIMIZATION_LEVEL = "-O";
				VALIDATE_PRODUCT = YES;
			};
			name = Release;
		};
		60B6EAD82381970D00AC8E84 /* Debug */ = {
			isa = XCBuildConfiguration;
			buildSettings = {
				ASSETCATALOG_COMPILER_APPICON_NAME = AppIcon;
				CODE_SIGN_STYLE = Automatic;
				DEVELOPMENT_TEAM = GD74L9K9N4;
				INFOPLIST_FILE = MatrixKG/Info.plist;
				LD_RUNPATH_SEARCH_PATHS = (
					"$(inherited)",
					"@executable_path/Frameworks",
				);
				PRODUCT_BUNDLE_IDENTIFIER = hhh.MatrixKG;
				PRODUCT_NAME = "$(TARGET_NAME)";
				SWIFT_VERSION = 5.0;
				TARGETED_DEVICE_FAMILY = "1,2";
			};
			name = Debug;
		};
		60B6EAD92381970D00AC8E84 /* Release */ = {
			isa = XCBuildConfiguration;
			buildSettings = {
				ASSETCATALOG_COMPILER_APPICON_NAME = AppIcon;
				CODE_SIGN_STYLE = Automatic;
				DEVELOPMENT_TEAM = GD74L9K9N4;
				INFOPLIST_FILE = MatrixKG/Info.plist;
				LD_RUNPATH_SEARCH_PATHS = (
					"$(inherited)",
					"@executable_path/Frameworks",
				);
				PRODUCT_BUNDLE_IDENTIFIER = hhh.MatrixKG;
				PRODUCT_NAME = "$(TARGET_NAME)";
				SWIFT_VERSION = 5.0;
				TARGETED_DEVICE_FAMILY = "1,2";
			};
			name = Release;
		};
/* End XCBuildConfiguration section */

/* Begin XCConfigurationList section */
		60B6EABE2381970A00AC8E84 /* Build configuration list for PBXProject "MatrixKG" */ = {
			isa = XCConfigurationList;
			buildConfigurations = (
				60B6EAD52381970D00AC8E84 /* Debug */,
				60B6EAD62381970D00AC8E84 /* Release */,
			);
			defaultConfigurationIsVisible = 0;
			defaultConfigurationName = Release;
		};
		60B6EAD72381970D00AC8E84 /* Build configuration list for PBXNativeTarget "MatrixKG" */ = {
			isa = XCConfigurationList;
			buildConfigurations = (
				60B6EAD82381970D00AC8E84 /* Debug */,
				60B6EAD92381970D00AC8E84 /* Release */,
			);
			defaultConfigurationIsVisible = 0;
			defaultConfigurationName = Release;
		};
/* End XCConfigurationList section */
	};
	rootObject = 60B6EABB2381970A00AC8E84 /* Project object */;
}
